
Microsoft Visual Studio Solution File, Format Version 12.00
# Visual Studio Version 17
VisualStudioVersion = 17.8.34330.188
MinimumVisualStudioVersion = 10.0.40219.1
Project("{FAE04EC0-301F-11D3-BF4B-00C04F79EFBC}") = "Wincent", "Wincent\Wincent.csproj", "{8139DA89-F94B-4E94-B1BF-2BE585077C82}"
EndProject
Project("{FAE04EC0-301F-11D3-BF4B-00C04F79EFBC}") = "TestConsole", "TestConsole\TestConsole.csproj", "{6C39F410-7467-44E6-B03C-E0A57A3862FB}"
EndProject
Global
	GlobalSection(SolutionConfigurationPlatforms) = preSolution
		Debug|Any CPU = Debug|Any CPU
		Release|Any CPU = Release|Any CPU
	EndGlobalSection
	GlobalSection(ProjectConfigurationPlatforms) = postSolution
		{8139DA89-F94B-4E94-B1BF-2BE585077C82}.Debug|Any CPU.ActiveCfg = Debug|Any CPU
		{8139DA89-F94B-4E94-B1BF-2BE585077C82}.Debug|Any CPU.Build.0 = Debug|Any CPU
		{8139DA89-F94B-4E94-B1BF-2BE585077C82}.Release|Any CPU.ActiveCfg = Release|Any CPU
		{8139DA89-F94B-4E94-B1BF-2BE585077C82}.Release|Any CPU.Build.0 = Release|Any CPU
		{6C39F410-7467-44E6-B03C-E0A57A3862FB}.Debug|Any CPU.ActiveCfg = Debug|Any CPU
		{6C39F410-7467-44E6-B03C-E0A57A3862FB}.Debug|Any CPU.Build.0 = Debug|Any CPU
		{6C39F410-7467-44E6-B03C-E0A57A3862FB}.Release|Any CPU.ActiveCfg = Release|Any CPU
		{6C39F410-7467-44E6-B03C-E0A57A3862FB}.Release|Any CPU.Build.0 = Release|Any CPU
	EndGlobalSection
	GlobalSection(SolutionProperties) = preSolution
		HideSolutionNode = FALSE
	EndGlobalSection
	GlobalSection(ExtensibilityGlobals) = postSolution
		SolutionGuid = {1332900E-316F-40BB-88DA-F64408298625}
	EndGlobalSection
EndGlobal
